// !$*UTF8*$!
{
	archiveVersion = 1;
	classes = {
	};
	objectVersion = 46;
	objects = {

/* Begin PBXBuildFile section */
		78A9F0451F3655030067D14D /* AppDelegate.swift in Sources */ = {isa = PBXBuildFile; fileRef = 78A9F0441F3655030067D14D /* AppDelegate.swift */; };
		78A9F0471F3655030067D14D /* ViewController.swift in Sources */ = {isa = PBXBuildFile; fileRef = 78A9F0461F3655030067D14D /* ViewController.swift */; };
		78A9F04A1F3655030067D14D /* Main.storyboard in Resources */ = {isa = PBXBuildFile; fileRef = 78A9F0481F3655030067D14D /* Main.storyboard */; };
		78A9F04C1F3655030067D14D /* Assets.xcassets in Resources */ = {isa = PBXBuildFile; fileRef = 78A9F04B1F3655030067D14D /* Assets.xcassets */; };
		78A9F04F1F3655030067D14D /* LaunchScreen.storyboard in Resources */ = {isa = PBXBuildFile; fileRef = 78A9F04D1F3655030067D14D /* LaunchScreen.storyboard */; };
/* End PBXBuildFile section */

/* Begin PBXFileReference section */
		78A9F0411F3655030067D14D /* LBTANewsFeed.app */ = {isa = PBXFileReference; explicitFileType = wrapper.application; includeInIndex = 0; path = LBTANewsFeed.app; sourceTree = BUILT_PRODUCTS_DIR; };
		78A9F0441F3655030067D14D /* AppDelegate.swift */ = {isa = PBXFileReference; lastKnownFileType = sourcecode.swift; path = AppDelegate.swift; sourceTree = "<group>"; };
		78A9F0461F3655030067D14D /* ViewController.swift */ = {isa = PBXFileReference; lastKnownFileType = sourcecode.swift; path = ViewController.swift; sourceTree = "<group>"; };
		78A9F0491F3655030067D14D /* Base */ = {isa = PBXFileReference; lastKnownFileType = file.storyboard; name = Base; path = Base.lproj/Main.storyboard; sourceTree = "<group>"; };
		78A9F04B1F3655030067D14D /* Assets.xcassets */ = {isa = PBXFileReference; lastKnownFileType = folder.assetcatalog; path = Assets.xcassets; sourceTree = "<group>"; };
		78A9F04E1F3655030067D14D /* Base */ = {isa = PBXFileReference; lastKnownFileType = file.storyboard; name = Base; path = Base.lproj/LaunchScreen.storyboard; sourceTree = "<group>"; };
		78A9F0501F3655030067D14D /* Info.plist */ = {isa = PBXFileReference; lastKnownFileType = text.plist.xml; path = Info.plist; sourceTree = "<group>"; };
/* End PBXFileReference section */

/* Begin PBXFrameworksBuildPhase section */
		78A9F03E1F3655030067D14D /* Frameworks */ = {
			isa = PBXFrameworksBuildPhase;
			buildActionMask = 2147483647;
			files = (
			);
			runOnlyForDeploymentPostprocessing = 0;
		};
/* End PBXFrameworksBuildPhase section */

/* Begin PBXGroup section */
		78A9F0381F3655030067D14D = {
			isa = PBXGroup;
			children = (
				78A9F0431F3655030067D14D /* LBTANewsFeed */,
				78A9F0421F3655030067D14D /* Products */,
			);
			sourceTree = "<group>";
		};
		78A9F0421F3655030067D14D /* Products */ = {
			isa = PBXGroup;
			children = (
				78A9F0411F3655030067D14D /* LBTANewsFeed.app */,
			);
			name = Products;
			sourceTree = "<group>";
		};
		78A9F0431F3655030067D14D /* LBTANewsFeed */ = {
			isa = PBXGroup;
			children = (
				78A9F0441F3655030067D14D /* AppDelegate.swift */,
				78A9F0461F3655030067D14D /* ViewController.swift */,
				78A9F0481F3655030067D14D /* Main.storyboard */,
				78A9F04B1F3655030067D14D /* Assets.xcassets */,
				78A9F04D1F3655030067D14D /* LaunchScreen.storyboard */,
				78A9F0501F3655030067D14D /* Info.plist */,
			);
			path = LBTANewsFeed;
			sourceTree = "<group>";
		};
/* End PBXGroup section */

/* Begin PBXNativeTarget section */
		78A9F0401F3655030067D14D /* LBTANewsFeed */ = {
			isa = PBXNativeTarget;
			buildConfigurationList = 78A9F0531F3655030067D14D /* Build configuration list for PBXNativeTarget "LBTANewsFeed" */;
			buildPhases = (
				78A9F03D1F3655030067D14D /* Sources */,
				78A9F03E1F3655030067D14D /* Frameworks */,
				78A9F03F1F3655030067D14D /* Resources */,
			);
			buildRules = (
			);
			dependencies = (
			);
			name = LBTANewsFeed;
			productName = LBTANewsFeed;
			productReference = 78A9F0411F3655030067D14D /* LBTANewsFeed.app */;
			productType = "com.apple.product-type.application";
		};
/* End PBXNativeTarget section */

/* Begin PBXProject section */
		78A9F0391F3655030067D14D /* Project object */ = {
			isa = PBXProject;
			attributes = {
				LastSwiftUpdateCheck = 0830;
				LastUpgradeCheck = 0830;
				ORGANIZATIONNAME = "Sean Flanary";
				TargetAttributes = {
					78A9F0401F3655030067D14D = {
						CreatedOnToolsVersion = 8.3.3;
						ProvisioningStyle = Automatic;
					};
				};
			};
			buildConfigurationList = 78A9F03C1F3655030067D14D /* Build configuration list for PBXProject "LBTANewsFeed" */;
			compatibilityVersion = "Xcode 3.2";
			developmentRegion = English;
			hasScannedForEncodings = 0;
			knownRegions = (
				en,
				Base,
			);
			mainGroup = 78A9F0381F3655030067D14D;
			productRefGroup = 78A9F0421F3655030067D14D /* Products */;
			projectDirPath = "";
			projectRoot = "";
			targets = (
				78A9F0401F3655030067D14D /* LBTANewsFeed */,
			);
		};
/* End PBXProject section */

/* Begin PBXResourcesBuildPhase section */
		78A9F03F1F3655030067D14D /* Resources */ = {
			isa = PBXResourcesBuildPhase;
			buildActionMask = 2147483647;
			files = (
				78A9F04F1F3655030067D14D /* LaunchScreen.storyboard in Resources */,
				78A9F04C1F3655030067D14D /* Assets.xcassets in Resources */,
				78A9F04A1F3655030067D14D /* Main.storyboard in Resources */,
			);
			runOnlyForDeploymentPostprocessing = 0;
		};
/* End PBXResourcesBuildPhase section */

/* Begin PBXSourcesBuildPhase section */
		78A9F03D1F3655030067D14D /* Sources */ = {
			isa = PBXSourcesBuildPhase;
			buildActionMask = 2147483647;
			files = (
				78A9F0471F3655030067D14D /* ViewController.swift in Sources */,
				78A9F0451F3655030067D14D /* AppDelegate.swift in Sources */,
			);
			runOnlyForDeploymentPostprocessing = 0;
		};
/* End PBXSourcesBuildPhase section */

/* Begin PBXVariantGroup section */
		78A9F0481F3655030067D14D /* Main.storyboard */ = {
			isa = PBXVariantGroup;
			children = (
				78A9F0491F3655030067D14D /* Base */,
			);
			name = Main.storyboard;
			sourceTree = "<group>";
		};
		78A9F04D1F3655030067D14D /* LaunchScreen.storyboard */ = {
			isa = PBXVariantGroup;
			children = (
				78A9F04E1F3655030067D14D /* Base */,
			);
			name = LaunchScreen.storyboard;
			sourceTree = "<group>";
		};
/* End PBXVariantGroup section */

/* Begin XCBuildConfiguration section */
		78A9F0511F3655030067D14D /* Debug */ = {
			isa = XCBuildConfiguration;
			buildSettings = {
				ALWAYS_SEARCH_USER_PATHS = NO;
				CLANG_ANALYZER_NONNULL = YES;
				CLANG_ANALYZER_NUMBER_OBJECT_CONVERSION = YES_AGGRESSIVE;
				CLANG_CXX_LANGUAGE_STANDARD = "gnu++0x";
				CLANG_CXX_LIBRARY = "libc++";
				CLANG_ENABLE_MODULES = YES;
				CLANG_ENABLE_OBJC_ARC = YES;
				CLANG_WARN_BOOL_CONVERSION = YES;
				CLANG_WARN_CONSTANT_CONVERSION = YES;
				CLANG_WARN_DIRECT_OBJC_ISA_USAGE = YES_ERROR;
				CLANG_WARN_DOCUMENTATION_COMMENTS = YES;
				CLANG_WARN_EMPTY_BODY = YES;
				CLANG_WARN_ENUM_CONVERSION = YES;
				CLANG_WARN_INFINITE_RECURSION = YES;
				CLANG_WARN_INT_CONVERSION = YES;
				CLANG_WARN_OBJC_ROOT_CLASS = YES_ERROR;
				CLANG_WARN_SUSPICIOUS_MOVE = YES;
				CLANG_WARN_UNREACHABLE_CODE = YES;
				CLANG_WARN__DUPLICATE_METHOD_MATCH = YES;
				"CODE_SIGN_IDENTITY[sdk=iphoneos*]" = "iPhone Developer";
				COPY_PHASE_STRIP = NO;
				DEBUG_INFORMATION_FORMAT = dwarf;
				ENABLE_STRICT_OBJC_MSGSEND = YES;
				ENABLE_TESTABILITY = YES;
				GCC_C_LANGUAGE_STANDARD = gnu99;
				GCC_DYNAMIC_NO_PIC = NO;
				GCC_NO_COMMON_BLOCKS = YES;
				GCC_OPTIMIZATION_LEVEL = 0;
				GCC_PREPROCESSOR_DEFINITIONS = (
					"DEBUG=1",
					"$(inherited)",
				);
				GCC_WARN_64_TO_32_BIT_CONVERSION = YES;
				GCC_WARN_ABOUT_RETURN_TYPE = YES_ERROR;
				GCC_WARN_UNDECLARED_SELECTOR = YES;
				GCC_WARN_UNINITIALIZED_AUTOS = YES_AGGRESSIVE;
				GCC_WARN_UNUSED_FUNCTION = YES;
				GCC_WARN_UNUSED_VARIABLE = YES;
				IPHONEOS_DEPLOYMENT_TARGET = 10.3;
				MTL_ENABLE_DEBUG_INFO = YES;
				ONLY_ACTIVE_ARCH = YES;
				SDKROOT = iphoneos;
				SWIFT_ACTIVE_COMPILATION_CONDITIONS = DEBUG;
				SWIFT_OPTIMIZATION_LEVEL = "-Onone";
				TARGETED_DEVICE_FAMILY = "1,2";
			};
			name = Debug;
		};
		78A9F0521F3655030067D14D /* Release */ = {
			isa = XCBuildConfiguration;
			buildSettings = {
				ALWAYS_SEARCH_USER_PATHS = NO;
				CLANG_ANALYZER_NONNULL = YES;
				CLANG_ANALYZER_NUMBER_OBJECT_CONVERSION = YES_AGGRESSIVE;
				CLANG_CXX_LANGUAGE_STANDARD = "gnu++0x";
				CLANG_CXX_LIBRARY = "libc++";
				CLANG_ENABLE_MODULES = YES;
				CLANG_ENABLE_OBJC_ARC = YES;
				CLANG_WARN_BOOL_CONVERSION = YES;
				CLANG_WARN_CONSTANT_CONVERSION = YES;
				CLANG_WARN_DIRECT_OBJC_ISA_USAGE = YES_ERROR;
				CLANG_WARN_DOCUMENTATION_COMMENTS = YES;
				CLANG_WARN_EMPTY_BODY = YES;
				CLANG_WARN_ENUM_CONVERSION = YES;
				CLANG_WARN_INFINITE_RECURSION = YES;
				CLANG_WARN_INT_CONVERSION = YES;
				CLANG_WARN_OBJC_ROOT_CLASS = YES_ERROR;
				CLANG_WARN_SUSPICIOUS_MOVE = YES;
				CLANG_WARN_UNREACHABLE_CODE = YES;
				CLANG_WARN__DUPLICATE_METHOD_MATCH = YES;
				"CODE_SIGN_IDENTITY[sdk=iphoneos*]" = "iPhone Developer";
				COPY_PHASE_STRIP = NO;
				DEBUG_INFORMATION_FORMAT = "dwarf-with-dsym";
				ENABLE_NS_ASSERTIONS = NO;
				ENABLE_STRICT_OBJC_MSGSEND = YES;
				GCC_C_LANGUAGE_STANDARD = gnu99;
				GCC_NO_COMMON_BLOCKS = YES;
				GCC_WARN_64_TO_32_BIT_CONVERSION = YES;
				GCC_WARN_ABOUT_RETURN_TYPE = YES_ERROR;
				GCC_WARN_UNDECLARED_SELECTOR = YES;
				GCC_WARN_UNINITIALIZED_AUTOS = YES_AGGRESSIVE;
				GCC_WARN_UNUSED_FUNCTION = YES;
				GCC_WARN_UNUSED_VARIABLE = YES;
				IPHONEOS_DEPLOYMENT_TARGET = 10.3;
				MTL_ENABLE_DEBUG_INFO = NO;
				SDKROOT = iphoneos;
				SWIFT_OPTIMIZATION_LEVEL = "-Owholemodule";
				TARGETED_DEVICE_FAMILY = "1,2";
				VALIDATE_PRODUCT = YES;
			};
			name = Release;
		};
		78A9F0541F3655030067D14D /* Debug */ = {
			isa = XCBuildConfiguration;
			buildSettings = {
				ASSETCATALOG_COMPILER_APPICON_NAME = AppIcon;
				INFOPLIST_FILE = LBTANewsFeed/Info.plist;
				LD_RUNPATH_SEARCH_PATHS = "$(inherited) @executable_path/Frameworks";
				PRODUCT_BUNDLE_IDENTIFIER = com.seanflanary.LBTANewsFeed;
				PRODUCT_NAME = "$(TARGET_NAME)";
				SWIFT_VERSION = 3.0;
			};
			name = Debug;
		};
		78A9F0551F3655030067D14D /* Release */ = {
			isa = XCBuildConfiguration;
			buildSettings = {
				ASSETCATALOG_COMPILER_APPICON_NAME = AppIcon;
				INFOPLIST_FILE = LBTANewsFeed/Info.plist;
				LD_RUNPATH_SEARCH_PATHS = "$(inherited) @executable_path/Frameworks";
				PRODUCT_BUNDLE_IDENTIFIER = com.seanflanary.LBTANewsFeed;
				PRODUCT_NAME = "$(TARGET_NAME)";
				SWIFT_VERSION = 3.0;
			};
			name = Release;
		};
/* End XCBuildConfiguration section */

/* Begin XCConfigurationList section */
		78A9F03C1F3655030067D14D /* Build configuration list for PBXProject "LBTANewsFeed" */ = {
			isa = XCConfigurationList;
			buildConfigurations = (
				78A9F0511F3655030067D14D /* Debug */,
				78A9F0521F3655030067D14D /* Release */,
			);
			defaultConfigurationIsVisible = 0;
			defaultConfigurationName = Release;
		};
		78A9F0531F3655030067D14D /* Build configuration list for PBXNativeTarget "LBTANewsFeed" */ = {
			isa = XCConfigurationList;
			buildConfigurations = (
				78A9F0541F3655030067D14D /* Debug */,
				78A9F0551F3655030067D14D /* Release */,
			);
			defaultConfigurationIsVisible = 0;
		};
/* End XCConfigurationList section */
	};
	rootObject = 78A9F0391F3655030067D14D /* Project object */;
}
